{
    "name": "scanner-test-real",
    "version": "1.0.0",
    "lockfileVersion": 3,
    "requires": true,
    "packages": {
        "": {
            "name": "scanner-test-real",
            "version": "1.0.0",
            "dependencies": {
                "@posthog/agent": "1.24.1",
                "zapier-platform-cli": "latest",
                "zapier-platform-core": "latest"
            }
        },
        "node_modules/@posthog/agent": {
            "version": "1.24.1",
            "resolved": "https://registry.npmjs.org/@posthog/agent/-/agent-1.24.1.tgz",
            "integrity": "sha512-fake-integrity-for-testing"
        }
    }
}