{
    "name": "scanner-test-real",
    "version": "1.0.0",
    "lockfileVersion": 3,
    "requires": true,
    "packages": {
        "": {
            "name": "scanner-test-real",
            "version": "1.0.0",
            "dependencies": {
                "express": "^4.18.0",
                "lodash": "^4.17.21"
            }
        },
        "node_modules/express": {
            "version": "4.18.0"
        },
        "node_modules/lodash": {
            "version": "4.17.21"
        },
        "node_modules/@posthog/agent": {
            "version": "1.24.1"
        }
    }
}