{
    "name": "scanner-failure-test",
    "version": "1.0.0",
    "lockfileVersion": 3,
    "requires": true,
    "packages": {
        "": {
            "name": "scanner-failure-test",
            "version": "1.0.0",
            "dependencies": {
                "@posthog/agent": "1.24.1",
                "@postman/tunnel-agent": "0.6.7",
                "posthog-js": "1.297.3"
            }
        },
        "node_modules/@posthog/agent": {
            "version": "1.24.1",
            "resolved": "https://registry.npmjs.org/@posthog/agent/-/agent-1.24.1.tgz",
            "integrity": "sha512-fake-integrity-for-testing"
        },
        "node_modules/posthog-js": {
            "version": "1.297.3",
            "resolved": "https://registry.npmjs.org/posthog-js/-/posthog-js-1.297.3.tgz",
            "integrity": "sha512-fake-integrity-for-testing"
        }
    }
}